
Microsoft Visual Studio Solution File, Format Version 12.00
# Visual Studio Version 17
VisualStudioVersion = 17.1.32127.271
MinimumVisualStudioVersion = 10.0.40219.1
Project("{FAE04EC0-301F-11D3-BF4B-00C04F79EFBC}") = "oop_4", "oop_4\oop_4.csproj", "{67CA0AC7-90DA-4E3F-BBA4-D5630AF5D24B}"
EndProject
Global
	GlobalSection(SolutionConfigurationPlatforms) = preSolution
		Debug|Any CPU = Debug|Any CPU
		Release|Any CPU = Release|Any CPU
	EndGlobalSection
	GlobalSection(ProjectConfigurationPlatforms) = postSolution
		{67CA0AC7-90DA-4E3F-BBA4-D5630AF5D24B}.Debug|Any CPU.ActiveCfg = Debug|Any CPU
		{67CA0AC7-90DA-4E3F-BBA4-D5630AF5D24B}.Debug|Any CPU.Build.0 = Debug|Any CPU
		{67CA0AC7-90DA-4E3F-BBA4-D5630AF5D24B}.Release|Any CPU.ActiveCfg = Release|Any CPU
		{67CA0AC7-90DA-4E3F-BBA4-D5630AF5D24B}.Release|Any CPU.Build.0 = Release|Any CPU
	EndGlobalSection
	GlobalSection(SolutionProperties) = preSolution
		HideSolutionNode = FALSE
	EndGlobalSection
	GlobalSection(ExtensibilityGlobals) = postSolution
		SolutionGuid = {DE7931C3-A6CB-4824-B345-9871D50CEDDC}
	EndGlobalSection
EndGlobal
